
Microsoft Visual Studio Solution File, Format Version 12.00
# Visual Studio 15
VisualStudioVersion = 15.0.27004.2010
MinimumVisualStudioVersion = 10.0.40219.1
Project("{FAE04EC0-301F-11D3-BF4B-00C04F79EFBC}") = "简单播放器", "简单播放器\简单播放器.csproj", "{C1747A48-7A3C-4D26-8DE9-AD1EC725D160}"
EndProject
Global
	GlobalSection(SolutionConfigurationPlatforms) = preSolution
		Debug|Any CPU = Debug|Any CPU
		Release|Any CPU = Release|Any CPU
	EndGlobalSection
	GlobalSection(ProjectConfigurationPlatforms) = postSolution
		{C1747A48-7A3C-4D26-8DE9-AD1EC725D160}.Debug|Any CPU.ActiveCfg = Debug|Any CPU
		{C1747A48-7A3C-4D26-8DE9-AD1EC725D160}.Debug|Any CPU.Build.0 = Debug|Any CPU
		{C1747A48-7A3C-4D26-8DE9-AD1EC725D160}.Release|Any CPU.ActiveCfg = Release|Any CPU
		{C1747A48-7A3C-4D26-8DE9-AD1EC725D160}.Release|Any CPU.Build.0 = Release|Any CPU
	EndGlobalSection
	GlobalSection(SolutionProperties) = preSolution
		HideSolutionNode = FALSE
	EndGlobalSection
	GlobalSection(ExtensibilityGlobals) = postSolution
		SolutionGuid = {C5A5A42D-508F-40E2-A746-AF0B06D5A338}
	EndGlobalSection
EndGlobal
