
Microsoft Visual Studio Solution File, Format Version 12.00
# Visual Studio 15
VisualStudioVersion = 15.0.27004.2010
MinimumVisualStudioVersion = 10.0.40219.1
Project("{FAE04EC0-301F-11D3-BF4B-00C04F79EFBC}") = "绘制验证码", "绘制验证码\绘制验证码.csproj", "{F1A362BA-71EA-4080-A4B3-EF4371E4FF9D}"
EndProject
Global
	GlobalSection(SolutionConfigurationPlatforms) = preSolution
		Debug|Any CPU = Debug|Any CPU
		Release|Any CPU = Release|Any CPU
	EndGlobalSection
	GlobalSection(ProjectConfigurationPlatforms) = postSolution
		{F1A362BA-71EA-4080-A4B3-EF4371E4FF9D}.Debug|Any CPU.ActiveCfg = Debug|Any CPU
		{F1A362BA-71EA-4080-A4B3-EF4371E4FF9D}.Debug|Any CPU.Build.0 = Debug|Any CPU
		{F1A362BA-71EA-4080-A4B3-EF4371E4FF9D}.Release|Any CPU.ActiveCfg = Release|Any CPU
		{F1A362BA-71EA-4080-A4B3-EF4371E4FF9D}.Release|Any CPU.Build.0 = Release|Any CPU
	EndGlobalSection
	GlobalSection(SolutionProperties) = preSolution
		HideSolutionNode = FALSE
	EndGlobalSection
	GlobalSection(ExtensibilityGlobals) = postSolution
		SolutionGuid = {9F23D91E-527D-4925-9075-521B6A89C2C2}
	EndGlobalSection
EndGlobal
