
Microsoft Visual Studio Solution File, Format Version 12.00
# Visual Studio 15
VisualStudioVersion = 15.0.27004.2010
MinimumVisualStudioVersion = 10.0.40219.1
Project("{FAE04EC0-301F-11D3-BF4B-00C04F79EFBC}") = "ArrayList集合的用法", "ArrayList集合的用法\ArrayList集合的用法.csproj", "{FEDD331B-684C-4247-9751-304513D7BA45}"
EndProject
Global
	GlobalSection(SolutionConfigurationPlatforms) = preSolution
		Debug|Any CPU = Debug|Any CPU
		Release|Any CPU = Release|Any CPU
	EndGlobalSection
	GlobalSection(ProjectConfigurationPlatforms) = postSolution
		{FEDD331B-684C-4247-9751-304513D7BA45}.Debug|Any CPU.ActiveCfg = Debug|Any CPU
		{FEDD331B-684C-4247-9751-304513D7BA45}.Debug|Any CPU.Build.0 = Debug|Any CPU
		{FEDD331B-684C-4247-9751-304513D7BA45}.Release|Any CPU.ActiveCfg = Release|Any CPU
		{FEDD331B-684C-4247-9751-304513D7BA45}.Release|Any CPU.Build.0 = Release|Any CPU
	EndGlobalSection
	GlobalSection(SolutionProperties) = preSolution
		HideSolutionNode = FALSE
	EndGlobalSection
	GlobalSection(ExtensibilityGlobals) = postSolution
		SolutionGuid = {8884D22B-A135-487C-8346-08CE46D69FAA}
	EndGlobalSection
EndGlobal
