
Microsoft Visual Studio Solution File, Format Version 12.00
# Visual Studio 15
VisualStudioVersion = 15.0.27004.2010
MinimumVisualStudioVersion = 10.0.40219.1
Project("{FAE04EC0-301F-11D3-BF4B-00C04F79EFBC}") = "增加", "对XML文档的增删查该\增加.csproj", "{91EF2D0A-5871-412E-8E43-A4A8FD8839BD}"
EndProject
Project("{FAE04EC0-301F-11D3-BF4B-00C04F79EFBC}") = "查询", "查询\查询.csproj", "{1D3DFD32-FB0F-42E8-B01A-447F2A4187B5}"
EndProject
Project("{FAE04EC0-301F-11D3-BF4B-00C04F79EFBC}") = "练习", "练习\练习.csproj", "{56B408D0-4BFE-4243-ADB9-19D2CFAB3C23}"
EndProject
Global
	GlobalSection(SolutionConfigurationPlatforms) = preSolution
		Debug|Any CPU = Debug|Any CPU
		Release|Any CPU = Release|Any CPU
	EndGlobalSection
	GlobalSection(ProjectConfigurationPlatforms) = postSolution
		{91EF2D0A-5871-412E-8E43-A4A8FD8839BD}.Debug|Any CPU.ActiveCfg = Debug|Any CPU
		{91EF2D0A-5871-412E-8E43-A4A8FD8839BD}.Debug|Any CPU.Build.0 = Debug|Any CPU
		{91EF2D0A-5871-412E-8E43-A4A8FD8839BD}.Release|Any CPU.ActiveCfg = Release|Any CPU
		{91EF2D0A-5871-412E-8E43-A4A8FD8839BD}.Release|Any CPU.Build.0 = Release|Any CPU
		{1D3DFD32-FB0F-42E8-B01A-447F2A4187B5}.Debug|Any CPU.ActiveCfg = Debug|Any CPU
		{1D3DFD32-FB0F-42E8-B01A-447F2A4187B5}.Debug|Any CPU.Build.0 = Debug|Any CPU
		{1D3DFD32-FB0F-42E8-B01A-447F2A4187B5}.Release|Any CPU.ActiveCfg = Release|Any CPU
		{1D3DFD32-FB0F-42E8-B01A-447F2A4187B5}.Release|Any CPU.Build.0 = Release|Any CPU
		{56B408D0-4BFE-4243-ADB9-19D2CFAB3C23}.Debug|Any CPU.ActiveCfg = Debug|Any CPU
		{56B408D0-4BFE-4243-ADB9-19D2CFAB3C23}.Debug|Any CPU.Build.0 = Debug|Any CPU
		{56B408D0-4BFE-4243-ADB9-19D2CFAB3C23}.Release|Any CPU.ActiveCfg = Release|Any CPU
		{56B408D0-4BFE-4243-ADB9-19D2CFAB3C23}.Release|Any CPU.Build.0 = Release|Any CPU
	EndGlobalSection
	GlobalSection(SolutionProperties) = preSolution
		HideSolutionNode = FALSE
	EndGlobalSection
	GlobalSection(ExtensibilityGlobals) = postSolution
		SolutionGuid = {EAC450EF-DDD8-4820-A546-86EFE4CEA527}
	EndGlobalSection
EndGlobal
