
Microsoft Visual Studio Solution File, Format Version 12.00
# Visual Studio 15
VisualStudioVersion = 15.0.27004.2010
MinimumVisualStudioVersion = 10.0.40219.1
Project("{FAE04EC0-301F-11D3-BF4B-00C04F79EFBC}") = "学生信息管理系统", "学生信息管理系统\学生信息管理系统.csproj", "{B238FCD8-50A1-403C-98AD-E925FCA0DC65}"
EndProject
Global
	GlobalSection(SolutionConfigurationPlatforms) = preSolution
		Debug|Any CPU = Debug|Any CPU
		Release|Any CPU = Release|Any CPU
	EndGlobalSection
	GlobalSection(ProjectConfigurationPlatforms) = postSolution
		{B238FCD8-50A1-403C-98AD-E925FCA0DC65}.Debug|Any CPU.ActiveCfg = Debug|Any CPU
		{B238FCD8-50A1-403C-98AD-E925FCA0DC65}.Debug|Any CPU.Build.0 = Debug|Any CPU
		{B238FCD8-50A1-403C-98AD-E925FCA0DC65}.Release|Any CPU.ActiveCfg = Release|Any CPU
		{B238FCD8-50A1-403C-98AD-E925FCA0DC65}.Release|Any CPU.Build.0 = Release|Any CPU
	EndGlobalSection
	GlobalSection(SolutionProperties) = preSolution
		HideSolutionNode = FALSE
	EndGlobalSection
	GlobalSection(ExtensibilityGlobals) = postSolution
		SolutionGuid = {7B90D074-4C32-44A0-8C76-5C344E057E84}
	EndGlobalSection
EndGlobal
