
Microsoft Visual Studio Solution File, Format Version 12.00
# Visual Studio 15
VisualStudioVersion = 15.0.27004.2010
MinimumVisualStudioVersion = 10.0.40219.1
Project("{FAE04EC0-301F-11D3-BF4B-00C04F79EFBC}") = "使用反射制作计算器", "使用反射制作计算器\使用反射制作计算器.csproj", "{6B5AFB41-5144-469F-8855-2273EBEED607}"
EndProject
Project("{2150E333-8FDC-42A3-9474-1A3956D46DE8}") = "计算器", "计算器", "{3C9EB0A4-10E9-4762-8AD9-D5F9D46C1C66}"
EndProject
Project("{FAE04EC0-301F-11D3-BF4B-00C04F79EFBC}") = "ProCalculator", "ProCalculator\ProCalculator.csproj", "{38A24FF8-CE3A-4D62-9F14-B05C28E4DCD2}"
EndProject
Project("{FAE04EC0-301F-11D3-BF4B-00C04F79EFBC}") = "ProFactory", "ProFactory\ProFactory.csproj", "{8B004CB2-D1DB-43D2-9F58-99F37D024CD8}"
EndProject
Project("{FAE04EC0-301F-11D3-BF4B-00C04F79EFBC}") = "ProOperation", "ProOperation\ProOperation.csproj", "{4F2E1CEC-CEBF-439A-96F1-0ABA50B2810B}"
EndProject
Project("{FAE04EC0-301F-11D3-BF4B-00C04F79EFBC}") = "ProAdd", "ProAdd\ProAdd.csproj", "{AF583F36-980C-4108-B7B8-C62065F6D87E}"
EndProject
Global
	GlobalSection(SolutionConfigurationPlatforms) = preSolution
		Debug|Any CPU = Debug|Any CPU
		Release|Any CPU = Release|Any CPU
	EndGlobalSection
	GlobalSection(ProjectConfigurationPlatforms) = postSolution
		{6B5AFB41-5144-469F-8855-2273EBEED607}.Debug|Any CPU.ActiveCfg = Debug|Any CPU
		{6B5AFB41-5144-469F-8855-2273EBEED607}.Debug|Any CPU.Build.0 = Debug|Any CPU
		{6B5AFB41-5144-469F-8855-2273EBEED607}.Release|Any CPU.ActiveCfg = Release|Any CPU
		{6B5AFB41-5144-469F-8855-2273EBEED607}.Release|Any CPU.Build.0 = Release|Any CPU
		{38A24FF8-CE3A-4D62-9F14-B05C28E4DCD2}.Debug|Any CPU.ActiveCfg = Debug|Any CPU
		{38A24FF8-CE3A-4D62-9F14-B05C28E4DCD2}.Debug|Any CPU.Build.0 = Debug|Any CPU
		{38A24FF8-CE3A-4D62-9F14-B05C28E4DCD2}.Release|Any CPU.ActiveCfg = Release|Any CPU
		{38A24FF8-CE3A-4D62-9F14-B05C28E4DCD2}.Release|Any CPU.Build.0 = Release|Any CPU
		{8B004CB2-D1DB-43D2-9F58-99F37D024CD8}.Debug|Any CPU.ActiveCfg = Debug|Any CPU
		{8B004CB2-D1DB-43D2-9F58-99F37D024CD8}.Debug|Any CPU.Build.0 = Debug|Any CPU
		{8B004CB2-D1DB-43D2-9F58-99F37D024CD8}.Release|Any CPU.ActiveCfg = Release|Any CPU
		{8B004CB2-D1DB-43D2-9F58-99F37D024CD8}.Release|Any CPU.Build.0 = Release|Any CPU
		{4F2E1CEC-CEBF-439A-96F1-0ABA50B2810B}.Debug|Any CPU.ActiveCfg = Debug|Any CPU
		{4F2E1CEC-CEBF-439A-96F1-0ABA50B2810B}.Debug|Any CPU.Build.0 = Debug|Any CPU
		{4F2E1CEC-CEBF-439A-96F1-0ABA50B2810B}.Release|Any CPU.ActiveCfg = Release|Any CPU
		{4F2E1CEC-CEBF-439A-96F1-0ABA50B2810B}.Release|Any CPU.Build.0 = Release|Any CPU
		{AF583F36-980C-4108-B7B8-C62065F6D87E}.Debug|Any CPU.ActiveCfg = Debug|Any CPU
		{AF583F36-980C-4108-B7B8-C62065F6D87E}.Debug|Any CPU.Build.0 = Debug|Any CPU
		{AF583F36-980C-4108-B7B8-C62065F6D87E}.Release|Any CPU.ActiveCfg = Release|Any CPU
		{AF583F36-980C-4108-B7B8-C62065F6D87E}.Release|Any CPU.Build.0 = Release|Any CPU
	EndGlobalSection
	GlobalSection(SolutionProperties) = preSolution
		HideSolutionNode = FALSE
	EndGlobalSection
	GlobalSection(NestedProjects) = preSolution
		{38A24FF8-CE3A-4D62-9F14-B05C28E4DCD2} = {3C9EB0A4-10E9-4762-8AD9-D5F9D46C1C66}
		{8B004CB2-D1DB-43D2-9F58-99F37D024CD8} = {3C9EB0A4-10E9-4762-8AD9-D5F9D46C1C66}
		{4F2E1CEC-CEBF-439A-96F1-0ABA50B2810B} = {3C9EB0A4-10E9-4762-8AD9-D5F9D46C1C66}
		{AF583F36-980C-4108-B7B8-C62065F6D87E} = {3C9EB0A4-10E9-4762-8AD9-D5F9D46C1C66}
	EndGlobalSection
	GlobalSection(ExtensibilityGlobals) = postSolution
		SolutionGuid = {DCA75289-D761-42E9-A8E7-798920E579B4}
	EndGlobalSection
EndGlobal
