
Microsoft Visual Studio Solution File, Format Version 12.00
# Visual Studio 15
VisualStudioVersion = 15.0.27004.2010
MinimumVisualStudioVersion = 10.0.40219.1
Project("{FAE04EC0-301F-11D3-BF4B-00C04F79EFBC}") = "观察者设计模式和中介者设计模式", "观察者设计模式和中介者设计模式\观察者设计模式和中介者设计模式.csproj", "{36E40486-2AA8-4D26-BBD6-DA0DCB2C3BEC}"
EndProject
Global
	GlobalSection(SolutionConfigurationPlatforms) = preSolution
		Debug|Any CPU = Debug|Any CPU
		Release|Any CPU = Release|Any CPU
	EndGlobalSection
	GlobalSection(ProjectConfigurationPlatforms) = postSolution
		{36E40486-2AA8-4D26-BBD6-DA0DCB2C3BEC}.Debug|Any CPU.ActiveCfg = Debug|Any CPU
		{36E40486-2AA8-4D26-BBD6-DA0DCB2C3BEC}.Debug|Any CPU.Build.0 = Debug|Any CPU
		{36E40486-2AA8-4D26-BBD6-DA0DCB2C3BEC}.Release|Any CPU.ActiveCfg = Release|Any CPU
		{36E40486-2AA8-4D26-BBD6-DA0DCB2C3BEC}.Release|Any CPU.Build.0 = Release|Any CPU
	EndGlobalSection
	GlobalSection(SolutionProperties) = preSolution
		HideSolutionNode = FALSE
	EndGlobalSection
	GlobalSection(ExtensibilityGlobals) = postSolution
		SolutionGuid = {1F80515E-3ED9-4A78-898B-BFD52B0C1FC5}
	EndGlobalSection
EndGlobal
